<?xml version="1.0" encoding="utf-8"?>
<Project ToolsVersion="4.0" xmlns="http://schemas.microsoft.com/developer/msbuild/2003">
  <ItemGroup>
    <Filter Include="ソース ファイル">
      <UniqueIdentifier>{4FC737F1-C7A5-4376-A066-2A32D752A2FF}</UniqueIdentifier>
      <Extensions>cpp;c;cc;cxx;c++;cppm;ixx;def;odl;idl;hpj;bat;asm;asmx</Extensions>
    </Filter>
    <Filter Include="ヘッダー ファイル">
      <UniqueIdentifier>{93995380-89BD-4b04-88EB-625FBE52EBFB}</UniqueIdentifier>
      <Extensions>h;hh;hpp;hxx;h++;hm;inl;inc;ipp;xsd</Extensions>
    </Filter>
    <Filter Include="リソース ファイル">
      <UniqueIdentifier>{67DA6AB6-F800-4c08-8B7A-83BB121AAD01}</UniqueIdentifier>
      <Extensions>rc;ico;cur;bmp;dlg;rc2;rct;bin;rgs;gif;jpg;jpeg;jpe;resx;tiff;tif;png;wav;mfcribbon-ms</Extensions>
    </Filter>
    <Filter Include="Scene">
      <UniqueIdentifier>{8bd91128-a796-4de7-850b-be01f77336dc}</UniqueIdentifier>
    </Filter>
    <Filter Include="Scene\Base">
      <UniqueIdentifier>{19d67958-3e3c-4e07-9524-4ba4579aa67d}</UniqueIdentifier>
    </Filter>
    <Filter Include="Scene\Scene">
      <UniqueIdentifier>{b9ce9419-e975-48c7-9891-816d09a677db}</UniqueIdentifier>
    </Filter>
    <Filter Include="Object">
      <UniqueIdentifier>{1413c2a7-d331-45f3-84c4-a23499e4e9b6}</UniqueIdentifier>
    </Filter>
    <Filter Include="Object\Boss">
      <UniqueIdentifier>{d96ed104-bcb6-4455-967e-111745f3c4f8}</UniqueIdentifier>
    </Filter>
    <Filter Include="Object\GameObject">
      <UniqueIdentifier>{6c3f5ffd-1e1e-4b1b-a54e-c34cfe721fb7}</UniqueIdentifier>
    </Filter>
  </ItemGroup>
  <ItemGroup>
    <ClCompile Include="main.cpp">
      <Filter>ソース ファイル</Filter>
    </ClCompile>
    <ClCompile Include="scene\base\BaseScene.cpp">
      <Filter>Scene\Base</Filter>
    </ClCompile>
    <ClCompile Include="scene\base\MyGame.cpp">
      <Filter>Scene\Base</Filter>
    </ClCompile>
    <ClCompile Include="scene\base\SceneFactory.cpp">
      <Filter>Scene\Base</Filter>
    </ClCompile>
    <ClCompile Include="scene\base\SceneManager.cpp">
      <Filter>Scene\Base</Filter>
    </ClCompile>
    <ClCompile Include="scene\scene\TitleScene.cpp">
      <Filter>Scene\Scene</Filter>
    </ClCompile>
    <ClCompile Include="Player.cpp">
      <Filter>Object\Player</Filter>
    </ClCompile>
    <ClCompile Include="scene\scene\GamePlayScene.cpp">
      <Filter>ソース ファイル</Filter>
    </ClCompile>
    <ClCompile Include="Objects\Boss\Boss.cpp">
      <Filter>Object\Boss</Filter>
    </ClCompile>
  </ItemGroup>
  <ItemGroup>
    <ClInclude Include="scene\base\AbstractSceneFactory.h">
      <Filter>Scene\Base</Filter>
    </ClInclude>
    <ClInclude Include="scene\base\BaseScene.h">
      <Filter>Scene\Base</Filter>
    </ClInclude>
    <ClInclude Include="scene\base\MyGame.h">
      <Filter>Scene\Base</Filter>
    </ClInclude>
    <ClInclude Include="scene\base\SceneFactory.h">
      <Filter>Scene\Base</Filter>
    </ClInclude>
    <ClInclude Include="scene\base\SceneManager.h">
      <Filter>Scene\Base</Filter>
    </ClInclude>
    <ClInclude Include="scene\scene\TitleScene.h">
      <Filter>Scene\Scene</Filter>
    </ClInclude>
    <ClInclude Include="Player.h">
      <Filter>Object\Player</Filter>
    </ClInclude>
    <ClInclude Include="scene\scene\GamePlayScene.h">
      <Filter>ヘッダー ファイル</Filter>
    </ClInclude>
    <ClInclude Include="Objects\Boss\Boss.h">
      <Filter>Object\Boss</Filter>
    </ClInclude>
    <ClInclude Include="Objects\.GameObject\GameObject.h">
      <Filter>Object\GameObject</Filter>
    </ClInclude>
  </ItemGroup>
</Project>